{
  "name": "stripe-payment-lambda",
  "version": "1.0.0",
  "lockfileVersion": 1,
  "requires": true,
  "dependencies": {
    "lodash.isplainobject": {
      "version": "4.0.6",
      "resolved": "https://registry.npmjs.org/lodash.isplainobject/-/lodash.isplainobject-4.0.6.tgz",
      "integrity": "sha1-fFJqUtibRcRcxpC4gWO+BJf1UMs="
    },
    "qs": {
      "version": "6.5.3",
      "resolved": "https://registry.npmjs.org/qs/-/qs-6.5.3.tgz",
      "integrity": "sha512-qxXIEh4pCGfHICj1mAJQ2/2XVZkjCDTcEgfoSQxc/fYivUZxTkk7L3bDBJSoNrEzXI17oUO5Dp07ktqE5KzczA=="
    },
    "safe-buffer": {
      "version": "5.1.2",
      "resolved": "https://registry.npmjs.org/safe-buffer/-/safe-buffer-5.1.2.tgz",
      "integrity": "sha512-Gd2UZBJDkXlY7GbJxfsE8/nvKkUEU1G38c1siN6QP6a9PT9MmHB8GnpscSmMJSoF8LOIrt8ud/wPtojys4G6+g=="
    },
    "stripe": {
      "version": "6.19.0",
      "resolved": "https://registry.npmjs.org/stripe/-/stripe-6.19.0.tgz",
      "integrity": "sha512-UHdFhnGrlQw5TWq7XQChbo3Tesv84Td5LsgbRO1y2XgPnf3k0TGAy1LcOO9BtkKyl+wrUKkXO2SslNntTUMlCQ==",
      "requires": {
        "lodash.isplainobject": "^4.0.6",
        "qs": "~6.5.1",
        "safe-buffer": "^5.1.1"
      }
    }
  }
}
